// !$*UTF8*$!
{
	archiveVersion = 1;
	classes = {
	};
	objectVersion = 54;
	objects = {

/* Begin PBXBuildFile section */
		100000000000000000000001 /* App24Frames.swift in Sources */ = {isa = PBXBuildFile; fileRef = 200000000000000000000001 /* App24Frames.swift */; };
		100000000000000000000002 /* Services/CameraManager.swift in Sources */ = {isa = PBXBuildFile; fileRef = 200000000000000000000002 /* Services/CameraManager.swift */; };
		100000000000000000000003 /* Services/PhotoLibraryProtocol.swift in Sources */ = {isa = PBXBuildFile; fileRef = 200000000000000000000003 /* Services/PhotoLibraryProtocol.swift */; };
		100000000000000000000004 /* Services/PhotoSaver.swift in Sources */ = {isa = PBXBuildFile; fileRef = 200000000000000000000004 /* Services/PhotoSaver.swift */; };
		100000000000000000000005 /* Views/CameraPreview.swift in Sources */ = {isa = PBXBuildFile; fileRef = 200000000000000000000005 /* Views/CameraPreview.swift */; };
		100000000000000000000006 /* Views/ContentView.swift in Sources */ = {isa = PBXBuildFile; fileRef = 200000000000000000000006 /* Views/ContentView.swift */; };
		100000000000000000000007 /* Views/PermissionDeniedView.swift in Sources */ = {isa = PBXBuildFile; fileRef = 200000000000000000000007 /* Views/PermissionDeniedView.swift */; };
		100000000000000000000008 /* Views/ShutterButtonView.swift in Sources */ = {isa = PBXBuildFile; fileRef = 200000000000000000000008 /* Views/ShutterButtonView.swift */; };
		100000000000000000000009 /* Views/ShutterRingView.swift in Sources */ = {isa = PBXBuildFile; fileRef = 200000000000000000000009 /* Views/ShutterRingView.swift */; };
		100000000000000000000010 /* CameraManagerTests.swift in Sources */ = {isa = PBXBuildFile; fileRef = 200000000000000000000010 /* CameraManagerTests.swift */; };
		100000000000000000000011 /* PhotoSaverTests.swift in Sources */ = {isa = PBXBuildFile; fileRef = 200000000000000000000011 /* PhotoSaverTests.swift */; };
		100000000000000000000026 /* AppSettingsTests.swift in Sources */ = {isa = PBXBuildFile; fileRef = 200000000000000000000027 /* AppSettingsTests.swift */; };
		100000000000000000000012 /* 24FramesUITests.swift in Sources */ = {isa = PBXBuildFile; fileRef = 200000000000000000000012 /* 24FramesUITests.swift */; };
		100000000000000000000013 /* Assets.xcassets in Resources */ = {isa = PBXBuildFile; fileRef = 200000000000000000000014 /* Assets.xcassets */; };
		100000000000000000000014 /* Views/CameraFlipButtonView.swift in Sources */ = {isa = PBXBuildFile; fileRef = 200000000000000000000015 /* Views/CameraFlipButtonView.swift */; };
		100000000000000000000015 /* Views/FlyToCornerAnimationView.swift in Sources */ = {isa = PBXBuildFile; fileRef = 200000000000000000000016 /* Views/FlyToCornerAnimationView.swift */; };
		100000000000000000000031 /* Views/DevelopWarningModalView.swift in Sources */ = {isa = PBXBuildFile; fileRef = 200000000000000000000031 /* Views/DevelopWarningModalView.swift */; };
		100000000000000000000016 /* Services/HapticManager.swift in Sources */ = {isa = PBXBuildFile; fileRef = 200000000000000000000017 /* Services/HapticManager.swift */; };
		100000000000000000000017 /* Views/PhotoLibraryPickerView.swift in Sources */ = {isa = PBXBuildFile; fileRef = 200000000000000000000018 /* Views/PhotoLibraryPickerView.swift */; };
		100000000000000000000018 /* Views/RecentPhotoThumbnailView.swift in Sources */ = {isa = PBXBuildFile; fileRef = 200000000000000000000019 /* Views/RecentPhotoThumbnailView.swift */; };
		100000000000000000000019 /* Services/VolumeButtonObserver.swift in Sources */ = {isa = PBXBuildFile; fileRef = 200000000000000000000020 /* Services/VolumeButtonObserver.swift */; };
		100000000000000000000020 /* Services/CameraControlIntent.swift in Sources */ = {isa = PBXBuildFile; fileRef = 200000000000000000000021 /* Services/CameraControlIntent.swift */; };
		100000000000000000000023 /* Services/AppSettings.swift in Sources */ = {isa = PBXBuildFile; fileRef = 200000000000000000000024 /* Services/AppSettings.swift */; };
		100000000000000000000024 /* Services/FilmDevelopManager.swift in Sources */ = {isa = PBXBuildFile; fileRef = 200000000000000000000025 /* Services/FilmDevelopManager.swift */; };
		100000000000000000000025 /* Views/SettingsView.swift in Sources */ = {isa = PBXBuildFile; fileRef = 200000000000000000000026 /* Views/SettingsView.swift */; };
		100000000000000000000027 /* Settings.bundle in Resources */ = {isa = PBXBuildFile; fileRef = 200000000000000000000028 /* Settings.bundle */; };
		100000000000000000000028 /* Views/FilmRollButtonView.swift in Sources */ = {isa = PBXBuildFile; fileRef = 200000000000000000000029 /* Views/FilmRollButtonView.swift */; };
		100000000000000000000029 /* Services/OrientationObserver.swift in Sources */ = {isa = PBXBuildFile; fileRef = 200000000000000000000030 /* Services/OrientationObserver.swift */; };
		100000000000000000000021 /* TwentyFourFramesWidget.swift in Sources */ = {isa = PBXBuildFile; fileRef = 200000000000000000000022 /* TwentyFourFramesWidget.swift */; };
		100000000000000000000022 /* 24FramesWidgetExtension.appex in Embed Foundation Extensions */ = {isa = PBXBuildFile; fileRef = 500000000000000000000004 /* 24FramesWidgetExtension.appex */; settings = {ATTRIBUTES = (RemoveHeadersOnCopy, ); }; };
/* End PBXBuildFile section */

/* Begin PBXContainerItemProxy section */
		300000000000000000000001 /* PBXContainerItemProxy */ = {
			isa = PBXContainerItemProxy;
			containerPortal = 000000000000000000000001 /* Project object */;
			proxyType = 1;
			remoteGlobalIDString = 400000000000000000000001;
			remoteInfo = 24Frames;
		};
		300000000000000000000002 /* PBXContainerItemProxy */ = {
			isa = PBXContainerItemProxy;
			containerPortal = 000000000000000000000001 /* Project object */;
			proxyType = 1;
			remoteGlobalIDString = 400000000000000000000001;
			remoteInfo = 24Frames;
		};
		300000000000000000000003 /* PBXContainerItemProxy */ = {
			isa = PBXContainerItemProxy;
			containerPortal = 000000000000000000000001 /* Project object */;
			proxyType = 1;
			remoteGlobalIDString = 400000000000000000000004;
			remoteInfo = 24FramesWidgetExtension;
		};
/* End PBXContainerItemProxy section */

/* Begin PBXCopyFilesBuildPhase section */
		C00000000000000000000001 /* Embed Foundation Extensions */ = {
			isa = PBXCopyFilesBuildPhase;
			buildActionMask = 2147483647;
			dstPath = "";
			dstSubfolderSpec = 13;
			files = (
				100000000000000000000022 /* 24FramesWidgetExtension.appex in Embed Foundation Extensions */,
			);
			name = "Embed Foundation Extensions";
			runOnlyForDeploymentPostprocessing = 0;
		};
/* End PBXCopyFilesBuildPhase section */

/* Begin PBXFileReference section */
		200000000000000000000001 /* App24Frames.swift */ = {isa = PBXFileReference; lastKnownFileType = sourcecode.swift; path = App24Frames.swift; sourceTree = "<group>"; };
		200000000000000000000002 /* Services/CameraManager.swift */ = {isa = PBXFileReference; lastKnownFileType = sourcecode.swift; path = Services/CameraManager.swift; sourceTree = "<group>"; };
		200000000000000000000003 /* Services/PhotoLibraryProtocol.swift */ = {isa = PBXFileReference; lastKnownFileType = sourcecode.swift; path = Services/PhotoLibraryProtocol.swift; sourceTree = "<group>"; };
		200000000000000000000004 /* Services/PhotoSaver.swift */ = {isa = PBXFileReference; lastKnownFileType = sourcecode.swift; path = Services/PhotoSaver.swift; sourceTree = "<group>"; };
		200000000000000000000005 /* Views/CameraPreview.swift */ = {isa = PBXFileReference; lastKnownFileType = sourcecode.swift; path = Views/CameraPreview.swift; sourceTree = "<group>"; };
		200000000000000000000006 /* Views/ContentView.swift */ = {isa = PBXFileReference; lastKnownFileType = sourcecode.swift; path = Views/ContentView.swift; sourceTree = "<group>"; };
		200000000000000000000007 /* Views/PermissionDeniedView.swift */ = {isa = PBXFileReference; lastKnownFileType = sourcecode.swift; path = Views/PermissionDeniedView.swift; sourceTree = "<group>"; };
		200000000000000000000008 /* Views/ShutterButtonView.swift */ = {isa = PBXFileReference; lastKnownFileType = sourcecode.swift; path = Views/ShutterButtonView.swift; sourceTree = "<group>"; };
		200000000000000000000009 /* Views/ShutterRingView.swift */ = {isa = PBXFileReference; lastKnownFileType = sourcecode.swift; path = Views/ShutterRingView.swift; sourceTree = "<group>"; };
		200000000000000000000010 /* CameraManagerTests.swift */ = {isa = PBXFileReference; lastKnownFileType = sourcecode.swift; path = CameraManagerTests.swift; sourceTree = "<group>"; };
		200000000000000000000011 /* PhotoSaverTests.swift */ = {isa = PBXFileReference; lastKnownFileType = sourcecode.swift; path = PhotoSaverTests.swift; sourceTree = "<group>"; };
		200000000000000000000027 /* AppSettingsTests.swift */ = {isa = PBXFileReference; lastKnownFileType = sourcecode.swift; path = AppSettingsTests.swift; sourceTree = "<group>"; };
		200000000000000000000012 /* 24FramesUITests.swift */ = {isa = PBXFileReference; lastKnownFileType = sourcecode.swift; path = 24FramesUITests.swift; sourceTree = "<group>"; };
		200000000000000000000013 /* Info.plist */ = {isa = PBXFileReference; lastKnownFileType = text.plist.xml; path = Info.plist; sourceTree = "<group>"; };
		200000000000000000000014 /* Assets.xcassets */ = {isa = PBXFileReference; lastKnownFileType = folder.assetcatalog; path = Assets.xcassets; sourceTree = "<group>"; };
		200000000000000000000015 /* Views/CameraFlipButtonView.swift */ = {isa = PBXFileReference; lastKnownFileType = sourcecode.swift; path = Views/CameraFlipButtonView.swift; sourceTree = "<group>"; };
		200000000000000000000016 /* Views/FlyToCornerAnimationView.swift */ = {isa = PBXFileReference; lastKnownFileType = sourcecode.swift; path = Views/FlyToCornerAnimationView.swift; sourceTree = "<group>"; };
		200000000000000000000017 /* Services/HapticManager.swift */ = {isa = PBXFileReference; lastKnownFileType = sourcecode.swift; path = Services/HapticManager.swift; sourceTree = "<group>"; };
		200000000000000000000018 /* Views/PhotoLibraryPickerView.swift */ = {isa = PBXFileReference; lastKnownFileType = sourcecode.swift; path = Views/PhotoLibraryPickerView.swift; sourceTree = "<group>"; };
		200000000000000000000019 /* Views/RecentPhotoThumbnailView.swift */ = {isa = PBXFileReference; lastKnownFileType = sourcecode.swift; path = Views/RecentPhotoThumbnailView.swift; sourceTree = "<group>"; };
		200000000000000000000020 /* Services/VolumeButtonObserver.swift */ = {isa = PBXFileReference; lastKnownFileType = sourcecode.swift; path = Services/VolumeButtonObserver.swift; sourceTree = "<group>"; };
		200000000000000000000021 /* Services/CameraControlIntent.swift */ = {isa = PBXFileReference; lastKnownFileType = sourcecode.swift; path = Services/CameraControlIntent.swift; sourceTree = "<group>"; };
		200000000000000000000024 /* Services/AppSettings.swift */ = {isa = PBXFileReference; lastKnownFileType = sourcecode.swift; path = Services/AppSettings.swift; sourceTree = "<group>"; };
		200000000000000000000025 /* Services/FilmDevelopManager.swift */ = {isa = PBXFileReference; lastKnownFileType = sourcecode.swift; path = Services/FilmDevelopManager.swift; sourceTree = "<group>"; };
		200000000000000000000026 /* Views/SettingsView.swift */ = {isa = PBXFileReference; lastKnownFileType = sourcecode.swift; path = Views/SettingsView.swift; sourceTree = "<group>"; };
		200000000000000000000028 /* Settings.bundle */ = {isa = PBXFileReference; lastKnownFileType = "wrapper.plug-in"; path = Settings.bundle; sourceTree = "<group>"; };
		200000000000000000000029 /* Views/FilmRollButtonView.swift */ = {isa = PBXFileReference; lastKnownFileType = sourcecode.swift; path = Views/FilmRollButtonView.swift; sourceTree = "<group>"; };
		200000000000000000000030 /* Services/OrientationObserver.swift */ = {isa = PBXFileReference; lastKnownFileType = sourcecode.swift; path = Services/OrientationObserver.swift; sourceTree = "<group>"; };
		200000000000000000000031 /* Views/DevelopWarningModalView.swift */ = {isa = PBXFileReference; lastKnownFileType = sourcecode.swift; path = Views/DevelopWarningModalView.swift; sourceTree = "<group>"; };
		200000000000000000000022 /* TwentyFourFramesWidget.swift */ = {isa = PBXFileReference; lastKnownFileType = sourcecode.swift; path = TwentyFourFramesWidget.swift; sourceTree = "<group>"; };
		200000000000000000000023 /* Info.plist */ = {isa = PBXFileReference; lastKnownFileType = text.plist.xml; path = Info.plist; sourceTree = "<group>"; };
		500000000000000000000001 /* 24Frames.app */ = {isa = PBXFileReference; explicitFileType = wrapper.application; includeInIndex = 0; path = 24Frames.app; sourceTree = BUILT_PRODUCTS_DIR; };
		500000000000000000000002 /* 24FramesTests.xctest */ = {isa = PBXFileReference; explicitFileType = wrapper.cfbundle; includeInIndex = 0; path = 24FramesTests.xctest; sourceTree = BUILT_PRODUCTS_DIR; };
		500000000000000000000003 /* 24FramesUITests.xctest */ = {isa = PBXFileReference; explicitFileType = wrapper.cfbundle; includeInIndex = 0; path = 24FramesUITests.xctest; sourceTree = BUILT_PRODUCTS_DIR; };
		500000000000000000000004 /* 24FramesWidgetExtension.appex */ = {isa = PBXFileReference; explicitFileType = "wrapper.app-extension"; includeInIndex = 0; path = 24FramesWidgetExtension.appex; sourceTree = BUILT_PRODUCTS_DIR; };
/* End PBXFileReference section */

/* Begin PBXFrameworksBuildPhase section */
		600000000000000000000001 /* Frameworks */ = {
			isa = PBXFrameworksBuildPhase;
			buildActionMask = 2147483647;
			files = (
			);
			runOnlyForDeploymentPostprocessing = 0;
		};
		600000000000000000000002 /* Frameworks */ = {
			isa = PBXFrameworksBuildPhase;
			buildActionMask = 2147483647;
			files = (
			);
			runOnlyForDeploymentPostprocessing = 0;
		};
		600000000000000000000003 /* Frameworks */ = {
			isa = PBXFrameworksBuildPhase;
			buildActionMask = 2147483647;
			files = (
			);
			runOnlyForDeploymentPostprocessing = 0;
		};
		600000000000000000000004 /* Frameworks */ = {
			isa = PBXFrameworksBuildPhase;
			buildActionMask = 2147483647;
			files = (
			);
			runOnlyForDeploymentPostprocessing = 0;
		};
/* End PBXFrameworksBuildPhase section */

/* Begin PBXGroup section */
		700000000000000000000001 = {
			isa = PBXGroup;
			children = (
				700000000000000000000002 /* 24Frames */,
				700000000000000000000006 /* 24FramesWidget */,
				700000000000000000000003 /* 24FramesTests */,
				700000000000000000000004 /* 24FramesUITests */,
				700000000000000000000005 /* Products */,
			);
			sourceTree = "<group>";
		};
		700000000000000000000002 /* 24Frames */ = {
			isa = PBXGroup;
			children = (
				200000000000000000000001 /* App24Frames.swift */,
				200000000000000000000013 /* Info.plist */,
				200000000000000000000014 /* Assets.xcassets */,
				200000000000000000000002 /* Services/CameraManager.swift */,
				200000000000000000000003 /* Services/PhotoLibraryProtocol.swift */,
				200000000000000000000004 /* Services/PhotoSaver.swift */,
				200000000000000000000017 /* Services/HapticManager.swift */,
				200000000000000000000020 /* Services/VolumeButtonObserver.swift */,
				200000000000000000000021 /* Services/CameraControlIntent.swift */,
				200000000000000000000024 /* Services/AppSettings.swift */,
				200000000000000000000025 /* Services/FilmDevelopManager.swift */,
				200000000000000000000026 /* Views/SettingsView.swift */,
				200000000000000000000028 /* Settings.bundle */,
				200000000000000000000029 /* Views/FilmRollButtonView.swift */,
				200000000000000000000030 /* Services/OrientationObserver.swift */,
				200000000000000000000005 /* Views/CameraPreview.swift */,
				200000000000000000000006 /* Views/ContentView.swift */,
				200000000000000000000007 /* Views/PermissionDeniedView.swift */,
				200000000000000000000008 /* Views/ShutterButtonView.swift */,
				200000000000000000000009 /* Views/ShutterRingView.swift */,
				200000000000000000000015 /* Views/CameraFlipButtonView.swift */,
				200000000000000000000016 /* Views/FlyToCornerAnimationView.swift */,
				200000000000000000000018 /* Views/PhotoLibraryPickerView.swift */,
				200000000000000000000019 /* Views/RecentPhotoThumbnailView.swift */,
				200000000000000000000031 /* Views/DevelopWarningModalView.swift */,
			);
			path = 24Frames;
			sourceTree = "<group>";
		};
		700000000000000000000003 /* 24FramesTests */ = {
			isa = PBXGroup;
			children = (
				200000000000000000000010 /* CameraManagerTests.swift */,
				200000000000000000000011 /* PhotoSaverTests.swift */,
				200000000000000000000027 /* AppSettingsTests.swift */,
			);
			path = 24FramesTests;
			sourceTree = "<group>";
		};
		700000000000000000000004 /* 24FramesUITests */ = {
			isa = PBXGroup;
			children = (
				200000000000000000000012 /* 24FramesUITests.swift */,
			);
			path = 24FramesUITests;
			sourceTree = "<group>";
		};
		700000000000000000000005 /* Products */ = {
			isa = PBXGroup;
			children = (
				500000000000000000000001 /* 24Frames.app */,
				500000000000000000000004 /* 24FramesWidgetExtension.appex */,
				500000000000000000000002 /* 24FramesTests.xctest */,
				500000000000000000000003 /* 24FramesUITests.xctest */,
			);
			name = Products;
			sourceTree = "<group>";
		};
		700000000000000000000006 /* 24FramesWidget */ = {
			isa = PBXGroup;
			children = (
				200000000000000000000022 /* TwentyFourFramesWidget.swift */,
				200000000000000000000023 /* Info.plist */,
			);
			path = 24FramesWidget;
			sourceTree = "<group>";
		};
/* End PBXGroup section */

/* Begin PBXNativeTarget section */
		400000000000000000000001 /* 24Frames */ = {
			isa = PBXNativeTarget;
			buildConfigurationList = 900000000000000000000001 /* Build configuration list for PBXNativeTarget "24Frames" */;
			buildPhases = (
				800000000000000000000001 /* Sources */,
				600000000000000000000001 /* Frameworks */,
				800000000000000000000004 /* Resources */,
				C00000000000000000000001 /* Embed Foundation Extensions */,
			);
			buildRules = (
			);
			dependencies = (
				B000000000000000000000003 /* PBXTargetDependency */,
			);
			name = 24Frames;
			productName = 24Frames;
			productReference = 500000000000000000000001 /* 24Frames.app */;
			productType = "com.apple.product-type.application";
		};
		400000000000000000000002 /* 24FramesTests */ = {
			isa = PBXNativeTarget;
			buildConfigurationList = 900000000000000000000002 /* Build configuration list for PBXNativeTarget "24FramesTests" */;
			buildPhases = (
				800000000000000000000002 /* Sources */,
				600000000000000000000002 /* Frameworks */,
			);
			buildRules = (
			);
			dependencies = (
				B000000000000000000000001 /* PBXTargetDependency */,
			);
			name = 24FramesTests;
			productName = 24FramesTests;
			productReference = 500000000000000000000002 /* 24FramesTests.xctest */;
			productType = "com.apple.product-type.bundle.unit-test";
		};
		400000000000000000000003 /* 24FramesUITests */ = {
			isa = PBXNativeTarget;
			buildConfigurationList = 900000000000000000000003 /* Build configuration list for PBXNativeTarget "24FramesUITests" */;
			buildPhases = (
				800000000000000000000003 /* Sources */,
				600000000000000000000003 /* Frameworks */,
			);
			buildRules = (
			);
			dependencies = (
				B000000000000000000000002 /* PBXTargetDependency */,
			);
			name = 24FramesUITests;
			productName = 24FramesUITests;
			productReference = 500000000000000000000003 /* 24FramesUITests.xctest */;
			productType = "com.apple.product-type.bundle.ui-testing";
		};
		400000000000000000000004 /* 24FramesWidgetExtension */ = {
			isa = PBXNativeTarget;
			buildConfigurationList = 900000000000000000000004 /* Build configuration list for PBXNativeTarget "24FramesWidgetExtension" */;
			buildPhases = (
				800000000000000000000005 /* Sources */,
				600000000000000000000004 /* Frameworks */,
			);
			buildRules = (
			);
			dependencies = (
			);
			name = 24FramesWidgetExtension;
			productName = 24FramesWidgetExtension;
			productReference = 500000000000000000000004 /* 24FramesWidgetExtension.appex */;
			productType = "com.apple.product-type.app-extension";
		};
/* End PBXNativeTarget section */

/* Begin PBXProject section */
		000000000000000000000001 /* Project object */ = {
			isa = PBXProject;
			attributes = {
				BuildIndependentTargetsInParallel = 1;
				LastSwiftUpdateCheck = 1600;
				LastUpgradeCheck = 2620;
				TargetAttributes = {
					400000000000000000000001 = {
						CreatedOnToolsVersion = 13.0;
					};
					400000000000000000000002 = {
						CreatedOnToolsVersion = 13.0;
						TestTargetID = 400000000000000000000001;
					};
					400000000000000000000003 = {
						CreatedOnToolsVersion = 13.0;
						TestTargetID = 400000000000000000000001;
					};
				};
			};
			buildConfigurationList = 900000000000000000000000 /* Build configuration list for PBXProject "24Frames" */;
			compatibilityVersion = "Xcode 3.2";
			developmentRegion = en;
			hasScannedForEncodings = 0;
			knownRegions = (
				en,
				Base,
			);
			mainGroup = 700000000000000000000001;
			productRefGroup = 700000000000000000000005 /* Products */;
			projectDirPath = "";
			projectRoot = "";
			targets = (
				400000000000000000000001 /* 24Frames */,
				400000000000000000000002 /* 24FramesTests */,
				400000000000000000000003 /* 24FramesUITests */,
				400000000000000000000004 /* 24FramesWidgetExtension */,
			);
		};
/* End PBXProject section */

/* Begin PBXResourcesBuildPhase section */
		800000000000000000000004 /* Resources */ = {
			isa = PBXResourcesBuildPhase;
			buildActionMask = 2147483647;
			files = (
				100000000000000000000013 /* Assets.xcassets in Resources */,
				100000000000000000000027 /* Settings.bundle in Resources */,
			);
			runOnlyForDeploymentPostprocessing = 0;
		};
/* End PBXResourcesBuildPhase section */

/* Begin PBXSourcesBuildPhase section */
		800000000000000000000001 /* Sources */ = {
			isa = PBXSourcesBuildPhase;
			buildActionMask = 2147483647;
			files = (
				100000000000000000000001 /* App24Frames.swift in Sources */,
				100000000000000000000002 /* Services/CameraManager.swift in Sources */,
				100000000000000000000003 /* Services/PhotoLibraryProtocol.swift in Sources */,
				100000000000000000000004 /* Services/PhotoSaver.swift in Sources */,
				100000000000000000000005 /* Views/CameraPreview.swift in Sources */,
				100000000000000000000006 /* Views/ContentView.swift in Sources */,
				100000000000000000000007 /* Views/PermissionDeniedView.swift in Sources */,
				100000000000000000000008 /* Views/ShutterButtonView.swift in Sources */,
				100000000000000000000009 /* Views/ShutterRingView.swift in Sources */,
				100000000000000000000014 /* Views/CameraFlipButtonView.swift in Sources */,
				100000000000000000000015 /* Views/FlyToCornerAnimationView.swift in Sources */,
				100000000000000000000016 /* Services/HapticManager.swift in Sources */,
				100000000000000000000017 /* Views/PhotoLibraryPickerView.swift in Sources */,
				100000000000000000000018 /* Views/RecentPhotoThumbnailView.swift in Sources */,
				100000000000000000000019 /* Services/VolumeButtonObserver.swift in Sources */,
				100000000000000000000020 /* Services/CameraControlIntent.swift in Sources */,
				100000000000000000000023 /* Services/AppSettings.swift in Sources */,
				100000000000000000000024 /* Services/FilmDevelopManager.swift in Sources */,
				100000000000000000000025 /* Views/SettingsView.swift in Sources */,
				100000000000000000000028 /* Views/FilmRollButtonView.swift in Sources */,
				100000000000000000000029 /* Services/OrientationObserver.swift in Sources */,
				100000000000000000000031 /* Views/DevelopWarningModalView.swift in Sources */,
			);
			runOnlyForDeploymentPostprocessing = 0;
		};
		800000000000000000000002 /* Sources */ = {
			isa = PBXSourcesBuildPhase;
			buildActionMask = 2147483647;
			files = (
				100000000000000000000010 /* CameraManagerTests.swift in Sources */,
				100000000000000000000011 /* PhotoSaverTests.swift in Sources */,
				100000000000000000000026 /* AppSettingsTests.swift in Sources */,
			);
			runOnlyForDeploymentPostprocessing = 0;
		};
		800000000000000000000003 /* Sources */ = {
			isa = PBXSourcesBuildPhase;
			buildActionMask = 2147483647;
			files = (
				100000000000000000000012 /* 24FramesUITests.swift in Sources */,
			);
			runOnlyForDeploymentPostprocessing = 0;
		};
		800000000000000000000005 /* Sources */ = {
			isa = PBXSourcesBuildPhase;
			buildActionMask = 2147483647;
			files = (
				100000000000000000000021 /* TwentyFourFramesWidget.swift in Sources */,
			);
			runOnlyForDeploymentPostprocessing = 0;
		};
/* End PBXSourcesBuildPhase section */

/* Begin PBXTargetDependency section */
		B000000000000000000000001 /* PBXTargetDependency */ = {
			isa = PBXTargetDependency;
			target = 400000000000000000000001 /* 24Frames */;
			targetProxy = 300000000000000000000001 /* PBXContainerItemProxy */;
		};
		B000000000000000000000002 /* PBXTargetDependency */ = {
			isa = PBXTargetDependency;
			target = 400000000000000000000001 /* 24Frames */;
			targetProxy = 300000000000000000000002 /* PBXContainerItemProxy */;
		};
		B000000000000000000000003 /* PBXTargetDependency */ = {
			isa = PBXTargetDependency;
			target = 400000000000000000000004 /* 24FramesWidgetExtension */;
			targetProxy = 300000000000000000000003 /* PBXContainerItemProxy */;
		};
/* End PBXTargetDependency section */

/* Begin XCBuildConfiguration section */
		A000000000000000000000001 /* Debug */ = {
			isa = XCBuildConfiguration;
			buildSettings = {
				ALWAYS_SEARCH_USER_PATHS = NO;
				ASSETCATALOG_COMPILER_APPICON_NAME = AppIcon;
				CLANG_ENABLE_MODULES = YES;
				CLANG_ENABLE_OBJC_WEAK = YES;
				CODE_SIGN_STYLE = Automatic;
				CURRENT_PROJECT_VERSION = 1;
				DEVELOPMENT_TEAM = 3FY4D2C459;
				ENABLE_TESTABILITY = YES;
				GENERATE_INFOPLIST_FILE = NO;
				INFOPLIST_FILE = 24Frames/Info.plist;
				IPHONEOS_DEPLOYMENT_TARGET = 15.0;
				LD_RUNPATH_SEARCH_PATHS = (
					"$(inherited)",
					"@executable_path/Frameworks",
				);
				MARKETING_VERSION = 1.0;
				PRODUCT_BUNDLE_IDENTIFIER = com.pearlmuter.24Frames;
				PRODUCT_NAME = "$(TARGET_NAME)";
				SDKROOT = iphoneos;
				SWIFT_VERSION = 5.0;
				TARGETED_DEVICE_FAMILY = "1,2";
			};
			name = Debug;
		};
		A000000000000000000000002 /* Release */ = {
			isa = XCBuildConfiguration;
			buildSettings = {
				ALWAYS_SEARCH_USER_PATHS = NO;
				ASSETCATALOG_COMPILER_APPICON_NAME = AppIcon;
				CLANG_ENABLE_MODULES = YES;
				CLANG_ENABLE_OBJC_WEAK = YES;
				CODE_SIGN_STYLE = Automatic;
				CURRENT_PROJECT_VERSION = 1;
				DEVELOPMENT_TEAM = 3FY4D2C459;
				ENABLE_TESTABILITY = YES;
				GENERATE_INFOPLIST_FILE = NO;
				INFOPLIST_FILE = 24Frames/Info.plist;
				IPHONEOS_DEPLOYMENT_TARGET = 15.0;
				LD_RUNPATH_SEARCH_PATHS = (
					"$(inherited)",
					"@executable_path/Frameworks",
				);
				MARKETING_VERSION = 1.0;
				PRODUCT_BUNDLE_IDENTIFIER = com.pearlmuter.24Frames;
				PRODUCT_NAME = "$(TARGET_NAME)";
				SDKROOT = iphoneos;
				SWIFT_VERSION = 5.0;
				TARGETED_DEVICE_FAMILY = "1,2";
			};
			name = Release;
		};
		A000000000000000000000003 /* Debug */ = {
			isa = XCBuildConfiguration;
			buildSettings = {
				ALWAYS_SEARCH_USER_PATHS = NO;
				BUNDLE_LOADER = "$(TEST_HOST)";
				CLANG_ENABLE_MODULES = YES;
				CLANG_ENABLE_OBJC_WEAK = YES;
				IPHONEOS_DEPLOYMENT_TARGET = 15.0;
				PRODUCT_NAME = "$(TARGET_NAME)";
				SDKROOT = iphoneos;
				SWIFT_VERSION = 5.0;
				TARGETED_DEVICE_FAMILY = "1,2";
				TEST_HOST = "$(BUILT_PRODUCTS_DIR)/24Frames.app/24Frames";
			};
			name = Debug;
		};
		A000000000000000000000004 /* Release */ = {
			isa = XCBuildConfiguration;
			buildSettings = {
				ALWAYS_SEARCH_USER_PATHS = NO;
				BUNDLE_LOADER = "$(TEST_HOST)";
				CLANG_ENABLE_MODULES = YES;
				CLANG_ENABLE_OBJC_WEAK = YES;
				IPHONEOS_DEPLOYMENT_TARGET = 15.0;
				PRODUCT_NAME = "$(TARGET_NAME)";
				SDKROOT = iphoneos;
				SWIFT_VERSION = 5.0;
				TARGETED_DEVICE_FAMILY = "1,2";
				TEST_HOST = "$(BUILT_PRODUCTS_DIR)/24Frames.app/24Frames";
			};
			name = Release;
		};
		A000000000000000000000005 /* Debug */ = {
			isa = XCBuildConfiguration;
			buildSettings = {
				ALWAYS_SEARCH_USER_PATHS = NO;
				CLANG_ENABLE_MODULES = YES;
				CLANG_ENABLE_OBJC_WEAK = YES;
				IPHONEOS_DEPLOYMENT_TARGET = 15.0;
				PRODUCT_NAME = "$(TARGET_NAME)";
				SDKROOT = iphoneos;
				SWIFT_VERSION = 5.0;
				TARGETED_DEVICE_FAMILY = "1,2";
				TEST_TARGET_NAME = 24Frames;
			};
			name = Debug;
		};
		A000000000000000000000006 /* Release */ = {
			isa = XCBuildConfiguration;
			buildSettings = {
				ALWAYS_SEARCH_USER_PATHS = NO;
				CLANG_ENABLE_MODULES = YES;
				CLANG_ENABLE_OBJC_WEAK = YES;
				IPHONEOS_DEPLOYMENT_TARGET = 15.0;
				PRODUCT_NAME = "$(TARGET_NAME)";
				SDKROOT = iphoneos;
				SWIFT_VERSION = 5.0;
				TARGETED_DEVICE_FAMILY = "1,2";
				TEST_TARGET_NAME = 24Frames;
			};
			name = Release;
		};
		A000000000000000000000007 /* Debug */ = {
			isa = XCBuildConfiguration;
			buildSettings = {
				ALWAYS_SEARCH_USER_PATHS = NO;
				CLANG_ENABLE_MODULES = YES;
				CLANG_WARN_BLOCK_CAPTURE_AUTORELEASING = YES;
				CLANG_WARN_BOOL_CONVERSION = YES;
				CLANG_WARN_COMMA = YES;
				CLANG_WARN_CONSTANT_CONVERSION = YES;
				CLANG_WARN_DEPRECATED_OBJC_IMPLEMENTATIONS = YES;
				CLANG_WARN_EMPTY_BODY = YES;
				CLANG_WARN_ENUM_CONVERSION = YES;
				CLANG_WARN_INFINITE_RECURSION = YES;
				CLANG_WARN_INT_CONVERSION = YES;
				CLANG_WARN_NON_LITERAL_NULL_CONVERSION = YES;
				CLANG_WARN_OBJC_IMPLICIT_RETAIN_SELF = YES;
				CLANG_WARN_OBJC_LITERAL_CONVERSION = YES;
				CLANG_WARN_QUOTED_INCLUDE_IN_FRAMEWORK_HEADER = YES;
				CLANG_WARN_RANGE_LOOP_ANALYSIS = YES;
				CLANG_WARN_STRICT_PROTOTYPES = YES;
				CLANG_WARN_SUSPICIOUS_MOVE = YES;
				CLANG_WARN_UNREACHABLE_CODE = YES;
				CLANG_WARN__DUPLICATE_METHOD_MATCH = YES;
				ENABLE_STRICT_OBJC_MSGSEND = YES;
				ENABLE_TESTABILITY = YES;
				ENABLE_USER_SCRIPT_SANDBOXING = YES;
				GCC_NO_COMMON_BLOCKS = YES;
				GCC_WARN_64_TO_32_BIT_CONVERSION = YES;
				GCC_WARN_ABOUT_RETURN_TYPE = YES;
				GCC_WARN_UNDECLARED_SELECTOR = YES;
				GCC_WARN_UNINITIALIZED_AUTOS = YES;
				GCC_WARN_UNUSED_FUNCTION = YES;
				GCC_WARN_UNUSED_VARIABLE = YES;
				IPHONEOS_DEPLOYMENT_TARGET = 15.0;
				ONLY_ACTIVE_ARCH = YES;
				SDKROOT = iphoneos;
				STRING_CATALOG_GENERATE_SYMBOLS = YES;
				SWIFT_VERSION = 5.0;
			};
			name = Debug;
		};
		A000000000000000000000008 /* Release */ = {
			isa = XCBuildConfiguration;
			buildSettings = {
				ALWAYS_SEARCH_USER_PATHS = NO;
				CLANG_ENABLE_MODULES = YES;
				CLANG_WARN_BLOCK_CAPTURE_AUTORELEASING = YES;
				CLANG_WARN_BOOL_CONVERSION = YES;
				CLANG_WARN_COMMA = YES;
				CLANG_WARN_CONSTANT_CONVERSION = YES;
				CLANG_WARN_DEPRECATED_OBJC_IMPLEMENTATIONS = YES;
				CLANG_WARN_EMPTY_BODY = YES;
				CLANG_WARN_ENUM_CONVERSION = YES;
				CLANG_WARN_INFINITE_RECURSION = YES;
				CLANG_WARN_INT_CONVERSION = YES;
				CLANG_WARN_NON_LITERAL_NULL_CONVERSION = YES;
				CLANG_WARN_OBJC_IMPLICIT_RETAIN_SELF = YES;
				CLANG_WARN_OBJC_LITERAL_CONVERSION = YES;
				CLANG_WARN_QUOTED_INCLUDE_IN_FRAMEWORK_HEADER = YES;
				CLANG_WARN_RANGE_LOOP_ANALYSIS = YES;
				CLANG_WARN_STRICT_PROTOTYPES = YES;
				CLANG_WARN_SUSPICIOUS_MOVE = YES;
				CLANG_WARN_UNREACHABLE_CODE = YES;
				CLANG_WARN__DUPLICATE_METHOD_MATCH = YES;
				ENABLE_STRICT_OBJC_MSGSEND = YES;
				ENABLE_USER_SCRIPT_SANDBOXING = YES;
				GCC_NO_COMMON_BLOCKS = YES;
				GCC_WARN_64_TO_32_BIT_CONVERSION = YES;
				GCC_WARN_ABOUT_RETURN_TYPE = YES;
				GCC_WARN_UNDECLARED_SELECTOR = YES;
				GCC_WARN_UNINITIALIZED_AUTOS = YES;
				GCC_WARN_UNUSED_FUNCTION = YES;
				GCC_WARN_UNUSED_VARIABLE = YES;
				IPHONEOS_DEPLOYMENT_TARGET = 15.0;
				SDKROOT = iphoneos;
				STRING_CATALOG_GENERATE_SYMBOLS = YES;
				SWIFT_COMPILATION_MODE = wholemodule;
				SWIFT_VERSION = 5.0;
			};
			name = Release;
		};
		A000000000000000000000009 /* Debug */ = {
			isa = XCBuildConfiguration;
			buildSettings = {
				ALWAYS_SEARCH_USER_PATHS = NO;
				CLANG_ENABLE_MODULES = YES;
				CLANG_ENABLE_OBJC_WEAK = YES;
				CODE_SIGN_STYLE = Automatic;
				COPY_PHASE_STRIP = NO;
				DEVELOPMENT_TEAM = 3FY4D2C459;
				INFOPLIST_FILE = 24FramesWidget/Info.plist;
				IPHONEOS_DEPLOYMENT_TARGET = 15.0;
				PRODUCT_BUNDLE_IDENTIFIER = com.pearlmuter.24Frames.24FramesWidgetExtension;
				PRODUCT_NAME = "$(TARGET_NAME)";
				SDKROOT = iphoneos;
				SWIFT_VERSION = 5.0;
				TARGETED_DEVICE_FAMILY = "1,2";
			};
			name = Debug;
		};
		A000000000000000000000010 /* Release */ = {
			isa = XCBuildConfiguration;
			buildSettings = {
				ALWAYS_SEARCH_USER_PATHS = NO;
				CLANG_ENABLE_MODULES = YES;
				CLANG_ENABLE_OBJC_WEAK = YES;
				CODE_SIGN_STYLE = Automatic;
				DEVELOPMENT_TEAM = 3FY4D2C459;
				INFOPLIST_FILE = 24FramesWidget/Info.plist;
				IPHONEOS_DEPLOYMENT_TARGET = 15.0;
				PRODUCT_BUNDLE_IDENTIFIER = com.pearlmuter.24Frames.24FramesWidgetExtension;
				PRODUCT_NAME = "$(TARGET_NAME)";
				SDKROOT = iphoneos;
				SWIFT_VERSION = 5.0;
				TARGETED_DEVICE_FAMILY = "1,2";
			};
			name = Release;
		};
/* End XCBuildConfiguration section */

/* Begin XCConfigurationList section */
		900000000000000000000000 /* Build configuration list for PBXProject "24Frames" */ = {
			isa = XCConfigurationList;
			buildConfigurations = (
				A000000000000000000000007 /* Debug */,
				A000000000000000000000008 /* Release */,
			);
			defaultConfigurationIsVisible = 0;
			defaultConfigurationName = Release;
		};
		900000000000000000000001 /* Build configuration list for PBXNativeTarget "24Frames" */ = {
			isa = XCConfigurationList;
			buildConfigurations = (
				A000000000000000000000001 /* Debug */,
				A000000000000000000000002 /* Release */,
			);
			defaultConfigurationIsVisible = 0;
			defaultConfigurationName = Release;
		};
		900000000000000000000002 /* Build configuration list for PBXNativeTarget "24FramesTests" */ = {
			isa = XCConfigurationList;
			buildConfigurations = (
				A000000000000000000000003 /* Debug */,
				A000000000000000000000004 /* Release */,
			);
			defaultConfigurationIsVisible = 0;
			defaultConfigurationName = Release;
		};
		900000000000000000000003 /* Build configuration list for PBXNativeTarget "24FramesUITests" */ = {
			isa = XCConfigurationList;
			buildConfigurations = (
				A000000000000000000000005 /* Debug */,
				A000000000000000000000006 /* Release */,
			);
			defaultConfigurationIsVisible = 0;
			defaultConfigurationName = Release;
		};
		900000000000000000000004 /* Build configuration list for PBXNativeTarget "24FramesWidgetExtension" */ = {
			isa = XCConfigurationList;
			buildConfigurations = (
				A000000000000000000000009 /* Debug */,
				A000000000000000000000010 /* Release */,
			);
			defaultConfigurationIsVisible = 0;
			defaultConfigurationName = Release;
		};
/* End XCConfigurationList section */
	};
	rootObject = 000000000000000000000001 /* Project object */;
}
